
Microsoft Visual Studio Solution File, Format Version 12.00
# Visual Studio 14
VisualStudioVersion = 14.0.25123.0
MinimumVisualStudioVersion = 10.0.40219.1
Project("{FAE04EC0-301F-11D3-BF4B-00C04F79EFBC}") = "HDT.Plugins.DeckPredictor", "HDT.Plugins.DeckPredictor\HDT.Plugins.DeckPredictor.csproj", "{D5E137DB-2464-47D1-9395-9153D549C1CF}"
EndProject
Global
	GlobalSection(SolutionConfigurationPlatforms) = preSolution
		Debug|Any CPU = Debug|Any CPU
		Release|Any CPU = Release|Any CPU
	EndGlobalSection
	GlobalSection(ProjectConfigurationPlatforms) = postSolution
		{D5E137DB-2464-47D1-9395-9153D549C1CF}.Debug|Any CPU.ActiveCfg = Debug|Any CPU
		{D5E137DB-2464-47D1-9395-9153D549C1CF}.Debug|Any CPU.Build.0 = Debug|Any CPU
		{D5E137DB-2464-47D1-9395-9153D549C1CF}.Release|Any CPU.ActiveCfg = Release|Any CPU
		{D5E137DB-2464-47D1-9395-9153D549C1CF}.Release|Any CPU.Build.0 = Release|Any CPU
	EndGlobalSection
	GlobalSection(SolutionProperties) = preSolution
		HideSolutionNode = FALSE
	EndGlobalSection
EndGlobal
